// !$*UTF8*$!
{
	archiveVersion = 1;
	classes = {
	};
	objectVersion = 77;
	objects = {

/* Begin PBXBuildFile section */
		9186356C2DBEF639003890E6 /* ConfettiSwiftUI in Frameworks */ = {isa = PBXBuildFile; productRef = 9186356B2DBEF639003890E6 /* ConfettiSwiftUI */; };
		918636432DC536DF003890E6 /* WidgetKit.framework in Frameworks */ = {isa = PBXBuildFile; fileRef = 918636422DC536DF003890E6 /* WidgetKit.framework */; };
		918636452DC536DF003890E6 /* SwiftUI.framework in Frameworks */ = {isa = PBXBuildFile; fileRef = 918636442DC536DF003890E6 /* SwiftUI.framework */; };
		918636502DC536DF003890E6 /* StatWidgetExtension.appex in Embed Foundation Extensions */ = {isa = PBXBuildFile; fileRef = 918636402DC536DF003890E6 /* StatWidgetExtension.appex */; settings = {ATTRIBUTES = (RemoveHeadersOnCopy, ); }; };
		91A6D3272DB1C91900BFBF88 /* HuddleArch in Frameworks */ = {isa = PBXBuildFile; productRef = 91A6D3262DB1C91900BFBF88 /* HuddleArch */; };
		91A6D3292DB1C91900BFBF88 /* HuddleMacros in Frameworks */ = {isa = PBXBuildFile; productRef = 91A6D3282DB1C91900BFBF88 /* HuddleMacros */; };
		91A6D32C2DB1C9E300BFBF88 /* HuddleArch in Frameworks */ = {isa = PBXBuildFile; productRef = 91A6D32B2DB1C9E300BFBF88 /* HuddleArch */; };
		91A6D32E2DB1C9E300BFBF88 /* HuddleMacros in Frameworks */ = {isa = PBXBuildFile; productRef = 91A6D32D2DB1C9E300BFBF88 /* HuddleMacros */; };
		91A6D3DD2DB3553200BFBF88 /* NumSwift in Frameworks */ = {isa = PBXBuildFile; productRef = 91A6D3DC2DB3553200BFBF88 /* NumSwift */; };
		91E5FD132DB07E1C00272372 /* Logger in Frameworks */ = {isa = PBXBuildFile; productRef = 91E5FD122DB07E1C00272372 /* Logger */; };
/* End PBXBuildFile section */

/* Begin PBXContainerItemProxy section */
		9143495E2DB04D8F00B1BA76 /* PBXContainerItemProxy */ = {
			isa = PBXContainerItemProxy;
			containerPortal = 914349472DB04D8E00B1BA76 /* Project object */;
			proxyType = 1;
			remoteGlobalIDString = 9143494E2DB04D8E00B1BA76;
			remoteInfo = ProteinBar;
		};
		914349682DB04D8F00B1BA76 /* PBXContainerItemProxy */ = {
			isa = PBXContainerItemProxy;
			containerPortal = 914349472DB04D8E00B1BA76 /* Project object */;
			proxyType = 1;
			remoteGlobalIDString = 9143494E2DB04D8E00B1BA76;
			remoteInfo = ProteinBar;
		};
		9186364E2DC536DF003890E6 /* PBXContainerItemProxy */ = {
			isa = PBXContainerItemProxy;
			containerPortal = 914349472DB04D8E00B1BA76 /* Project object */;
			proxyType = 1;
			remoteGlobalIDString = 9186363F2DC536DF003890E6;
			remoteInfo = StatWidgetExtension;
		};
/* End PBXContainerItemProxy section */

/* Begin PBXCopyFilesBuildPhase section */
		918636512DC536DF003890E6 /* Embed Foundation Extensions */ = {
			isa = PBXCopyFilesBuildPhase;
			buildActionMask = 2147483647;
			dstPath = "";
			dstSubfolderSpec = 13;
			files = (
				918636502DC536DF003890E6 /* StatWidgetExtension.appex in Embed Foundation Extensions */,
			);
			name = "Embed Foundation Extensions";
			runOnlyForDeploymentPostprocessing = 0;
		};
/* End PBXCopyFilesBuildPhase section */

/* Begin PBXFileReference section */
		9143494F2DB04D8E00B1BA76 /* ProteinBar.app */ = {isa = PBXFileReference; explicitFileType = wrapper.application; includeInIndex = 0; path = ProteinBar.app; sourceTree = BUILT_PRODUCTS_DIR; };
		9143495D2DB04D8F00B1BA76 /* ProteinBarTests.xctest */ = {isa = PBXFileReference; explicitFileType = wrapper.cfbundle; includeInIndex = 0; path = ProteinBarTests.xctest; sourceTree = BUILT_PRODUCTS_DIR; };
		914349672DB04D8F00B1BA76 /* ProteinBarUITests.xctest */ = {isa = PBXFileReference; explicitFileType = wrapper.cfbundle; includeInIndex = 0; path = ProteinBarUITests.xctest; sourceTree = BUILT_PRODUCTS_DIR; };
		918636402DC536DF003890E6 /* StatWidgetExtension.appex */ = {isa = PBXFileReference; explicitFileType = "wrapper.app-extension"; includeInIndex = 0; path = StatWidgetExtension.appex; sourceTree = BUILT_PRODUCTS_DIR; };
		918636422DC536DF003890E6 /* WidgetKit.framework */ = {isa = PBXFileReference; lastKnownFileType = wrapper.framework; name = WidgetKit.framework; path = System/Library/Frameworks/WidgetKit.framework; sourceTree = SDKROOT; };
		918636442DC536DF003890E6 /* SwiftUI.framework */ = {isa = PBXFileReference; lastKnownFileType = wrapper.framework; name = SwiftUI.framework; path = System/Library/Frameworks/SwiftUI.framework; sourceTree = SDKROOT; };
		918636622DC538FB003890E6 /* StatWidgetExtension.entitlements */ = {isa = PBXFileReference; lastKnownFileType = text.plist.entitlements; path = StatWidgetExtension.entitlements; sourceTree = "<group>"; };
/* End PBXFileReference section */

/* Begin PBXFileSystemSynchronizedBuildFileExceptionSet section */
		911EE6C22DB3EA2E00B09FA1 /* Exceptions for "ProteinBar" folder in "ProteinBar" target */ = {
			isa = PBXFileSystemSynchronizedBuildFileExceptionSet;
			membershipExceptions = (
				Info.plist,
				ProteinBarExtensionShared/ExtensionsEnvironment.swift,
			);
			target = 9143494E2DB04D8E00B1BA76 /* ProteinBar */;
		};
		918636552DC536DF003890E6 /* Exceptions for "StatWidget" folder in "StatWidgetExtension" target */ = {
			isa = PBXFileSystemSynchronizedBuildFileExceptionSet;
			membershipExceptions = (
				Info.plist,
			);
			target = 9186363F2DC536DF003890E6 /* StatWidgetExtension */;
		};
		918636572DC536F2003890E6 /* Exceptions for "ProteinBar" folder in "StatWidgetExtension" target */ = {
			isa = PBXFileSystemSynchronizedBuildFileExceptionSet;
			membershipExceptions = (
				CoreProviders/UserDefaults/UserStorageProviding.swift,
				Extensions/AlignView.swift,
				"Extensions/View+Ext.swift",
				ProteinBarCore/CoreUI/ProteinBarLabel.swift,
				ProteinBarCore/Modules/Bar/Models/Tracking.swift,
				ProteinBarCore/ProteinBarProviders/Storage/Storage.swift,
				ProteinBarCore/Providers/Widget/SharedModels.swift,
				ProteinBarCore/Themes/Assets.swift,
				ProteinBarCore/Themes/Theme.swift,
				ProteinBarExtensionShared/ExtensionsEnvironment.swift,
			);
			target = 9186363F2DC536DF003890E6 /* StatWidgetExtension */;
		};
/* End PBXFileSystemSynchronizedBuildFileExceptionSet section */

/* Begin PBXFileSystemSynchronizedRootGroup section */
		914349602DB04D8F00B1BA76 /* ProteinBarTests */ = {
			isa = PBXFileSystemSynchronizedRootGroup;
			path = ProteinBarTests;
			sourceTree = "<group>";
		};
		9143496A2DB04D8F00B1BA76 /* ProteinBarUITests */ = {
			isa = PBXFileSystemSynchronizedRootGroup;
			path = ProteinBarUITests;
			sourceTree = "<group>";
		};
		918636462DC536DF003890E6 /* StatWidget */ = {
			isa = PBXFileSystemSynchronizedRootGroup;
			exceptions = (
				918636552DC536DF003890E6 /* Exceptions for "StatWidget" folder in "StatWidgetExtension" target */,
			);
			path = StatWidget;
			sourceTree = "<group>";
		};
		91A6D3AC2DB338A400BFBF88 /* ProteinBar */ = {
			isa = PBXFileSystemSynchronizedRootGroup;
			exceptions = (
				911EE6C22DB3EA2E00B09FA1 /* Exceptions for "ProteinBar" folder in "ProteinBar" target */,
				918636572DC536F2003890E6 /* Exceptions for "ProteinBar" folder in "StatWidgetExtension" target */,
			);
			path = ProteinBar;
			sourceTree = "<group>";
		};
/* End PBXFileSystemSynchronizedRootGroup section */

/* Begin PBXFrameworksBuildPhase section */
		9143494C2DB04D8E00B1BA76 /* Frameworks */ = {
			isa = PBXFrameworksBuildPhase;
			buildActionMask = 2147483647;
			files = (
				91A6D3292DB1C91900BFBF88 /* HuddleMacros in Frameworks */,
				91A6D32E2DB1C9E300BFBF88 /* HuddleMacros in Frameworks */,
				91A6D3272DB1C91900BFBF88 /* HuddleArch in Frameworks */,
				91A6D32C2DB1C9E300BFBF88 /* HuddleArch in Frameworks */,
				91E5FD132DB07E1C00272372 /* Logger in Frameworks */,
				91A6D3DD2DB3553200BFBF88 /* NumSwift in Frameworks */,
				9186356C2DBEF639003890E6 /* ConfettiSwiftUI in Frameworks */,
			);
			runOnlyForDeploymentPostprocessing = 0;
		};
		9143495A2DB04D8F00B1BA76 /* Frameworks */ = {
			isa = PBXFrameworksBuildPhase;
			buildActionMask = 2147483647;
			files = (
			);
			runOnlyForDeploymentPostprocessing = 0;
		};
		914349642DB04D8F00B1BA76 /* Frameworks */ = {
			isa = PBXFrameworksBuildPhase;
			buildActionMask = 2147483647;
			files = (
			);
			runOnlyForDeploymentPostprocessing = 0;
		};
		9186363D2DC536DF003890E6 /* Frameworks */ = {
			isa = PBXFrameworksBuildPhase;
			buildActionMask = 2147483647;
			files = (
				918636452DC536DF003890E6 /* SwiftUI.framework in Frameworks */,
				918636432DC536DF003890E6 /* WidgetKit.framework in Frameworks */,
			);
			runOnlyForDeploymentPostprocessing = 0;
		};
/* End PBXFrameworksBuildPhase section */

/* Begin PBXGroup section */
		914349462DB04D8E00B1BA76 = {
			isa = PBXGroup;
			children = (
				918636622DC538FB003890E6 /* StatWidgetExtension.entitlements */,
				91A6D3AC2DB338A400BFBF88 /* ProteinBar */,
				914349602DB04D8F00B1BA76 /* ProteinBarTests */,
				9143496A2DB04D8F00B1BA76 /* ProteinBarUITests */,
				918636462DC536DF003890E6 /* StatWidget */,
				918636412DC536DF003890E6 /* Frameworks */,
				914349502DB04D8E00B1BA76 /* Products */,
			);
			sourceTree = "<group>";
		};
		914349502DB04D8E00B1BA76 /* Products */ = {
			isa = PBXGroup;
			children = (
				9143494F2DB04D8E00B1BA76 /* ProteinBar.app */,
				9143495D2DB04D8F00B1BA76 /* ProteinBarTests.xctest */,
				914349672DB04D8F00B1BA76 /* ProteinBarUITests.xctest */,
				918636402DC536DF003890E6 /* StatWidgetExtension.appex */,
			);
			name = Products;
			sourceTree = "<group>";
		};
		918636412DC536DF003890E6 /* Frameworks */ = {
			isa = PBXGroup;
			children = (
				918636422DC536DF003890E6 /* WidgetKit.framework */,
				918636442DC536DF003890E6 /* SwiftUI.framework */,
			);
			name = Frameworks;
			sourceTree = "<group>";
		};
/* End PBXGroup section */

/* Begin PBXNativeTarget section */
		9143494E2DB04D8E00B1BA76 /* ProteinBar */ = {
			isa = PBXNativeTarget;
			buildConfigurationList = 914349712DB04D8F00B1BA76 /* Build configuration list for PBXNativeTarget "ProteinBar" */;
			buildPhases = (
				9143494B2DB04D8E00B1BA76 /* Sources */,
				9143494C2DB04D8E00B1BA76 /* Frameworks */,
				9143494D2DB04D8E00B1BA76 /* Resources */,
				918636512DC536DF003890E6 /* Embed Foundation Extensions */,
			);
			buildRules = (
			);
			dependencies = (
				9186364F2DC536DF003890E6 /* PBXTargetDependency */,
			);
			fileSystemSynchronizedGroups = (
				91A6D3AC2DB338A400BFBF88 /* ProteinBar */,
			);
			name = ProteinBar;
			packageProductDependencies = (
				91E5FD122DB07E1C00272372 /* Logger */,
				91A6D3262DB1C91900BFBF88 /* HuddleArch */,
				91A6D3282DB1C91900BFBF88 /* HuddleMacros */,
				91A6D32B2DB1C9E300BFBF88 /* HuddleArch */,
				91A6D32D2DB1C9E300BFBF88 /* HuddleMacros */,
				91A6D3DC2DB3553200BFBF88 /* NumSwift */,
				9186356B2DBEF639003890E6 /* ConfettiSwiftUI */,
			);
			productName = ProteinBar;
			productReference = 9143494F2DB04D8E00B1BA76 /* ProteinBar.app */;
			productType = "com.apple.product-type.application";
		};
		9143495C2DB04D8F00B1BA76 /* ProteinBarTests */ = {
			isa = PBXNativeTarget;
			buildConfigurationList = 914349742DB04D8F00B1BA76 /* Build configuration list for PBXNativeTarget "ProteinBarTests" */;
			buildPhases = (
				914349592DB04D8F00B1BA76 /* Sources */,
				9143495A2DB04D8F00B1BA76 /* Frameworks */,
				9143495B2DB04D8F00B1BA76 /* Resources */,
			);
			buildRules = (
			);
			dependencies = (
				9143495F2DB04D8F00B1BA76 /* PBXTargetDependency */,
			);
			fileSystemSynchronizedGroups = (
				914349602DB04D8F00B1BA76 /* ProteinBarTests */,
			);
			name = ProteinBarTests;
			packageProductDependencies = (
			);
			productName = ProteinBarTests;
			productReference = 9143495D2DB04D8F00B1BA76 /* ProteinBarTests.xctest */;
			productType = "com.apple.product-type.bundle.unit-test";
		};
		914349662DB04D8F00B1BA76 /* ProteinBarUITests */ = {
			isa = PBXNativeTarget;
			buildConfigurationList = 914349772DB04D8F00B1BA76 /* Build configuration list for PBXNativeTarget "ProteinBarUITests" */;
			buildPhases = (
				914349632DB04D8F00B1BA76 /* Sources */,
				914349642DB04D8F00B1BA76 /* Frameworks */,
				914349652DB04D8F00B1BA76 /* Resources */,
			);
			buildRules = (
			);
			dependencies = (
				914349692DB04D8F00B1BA76 /* PBXTargetDependency */,
			);
			fileSystemSynchronizedGroups = (
				9143496A2DB04D8F00B1BA76 /* ProteinBarUITests */,
			);
			name = ProteinBarUITests;
			packageProductDependencies = (
			);
			productName = ProteinBarUITests;
			productReference = 914349672DB04D8F00B1BA76 /* ProteinBarUITests.xctest */;
			productType = "com.apple.product-type.bundle.ui-testing";
		};
		9186363F2DC536DF003890E6 /* StatWidgetExtension */ = {
			isa = PBXNativeTarget;
			buildConfigurationList = 918636542DC536DF003890E6 /* Build configuration list for PBXNativeTarget "StatWidgetExtension" */;
			buildPhases = (
				9186363C2DC536DF003890E6 /* Sources */,
				9186363D2DC536DF003890E6 /* Frameworks */,
				9186363E2DC536DF003890E6 /* Resources */,
			);
			buildRules = (
			);
			dependencies = (
			);
			fileSystemSynchronizedGroups = (
				918636462DC536DF003890E6 /* StatWidget */,
			);
			name = StatWidgetExtension;
			packageProductDependencies = (
			);
			productName = StatWidgetExtension;
			productReference = 918636402DC536DF003890E6 /* StatWidgetExtension.appex */;
			productType = "com.apple.product-type.app-extension";
		};
/* End PBXNativeTarget section */

/* Begin PBXProject section */
		914349472DB04D8E00B1BA76 /* Project object */ = {
			isa = PBXProject;
			attributes = {
				BuildIndependentTargetsInParallel = 1;
				LastSwiftUpdateCheck = 1630;
				LastUpgradeCheck = 1630;
				TargetAttributes = {
					9143494E2DB04D8E00B1BA76 = {
						CreatedOnToolsVersion = 16.3;
					};
					9143495C2DB04D8F00B1BA76 = {
						CreatedOnToolsVersion = 16.3;
						TestTargetID = 9143494E2DB04D8E00B1BA76;
					};
					914349662DB04D8F00B1BA76 = {
						CreatedOnToolsVersion = 16.3;
						TestTargetID = 9143494E2DB04D8E00B1BA76;
					};
					9186363F2DC536DF003890E6 = {
						CreatedOnToolsVersion = 16.3;
					};
				};
			};
			buildConfigurationList = 9143494A2DB04D8E00B1BA76 /* Build configuration list for PBXProject "ProteinBar" */;
			developmentRegion = en;
			hasScannedForEncodings = 0;
			knownRegions = (
				en,
				Base,
			);
			mainGroup = 914349462DB04D8E00B1BA76;
			minimizedProjectReferenceProxies = 1;
			packageReferences = (
				91E5FD112DB07E1C00272372 /* XCRemoteSwiftPackageReference "Logger" */,
				91A6D32A2DB1C9E300BFBF88 /* XCRemoteSwiftPackageReference "HuddleArch" */,
				91A6D3DB2DB3553200BFBF88 /* XCRemoteSwiftPackageReference "NumSwift" */,
				9186356A2DBEF639003890E6 /* XCRemoteSwiftPackageReference "ConfettiSwiftUI" */,
			);
			preferredProjectObjectVersion = 77;
			productRefGroup = 914349502DB04D8E00B1BA76 /* Products */;
			projectDirPath = "";
			projectRoot = "";
			targets = (
				9143494E2DB04D8E00B1BA76 /* ProteinBar */,
				9143495C2DB04D8F00B1BA76 /* ProteinBarTests */,
				914349662DB04D8F00B1BA76 /* ProteinBarUITests */,
				9186363F2DC536DF003890E6 /* StatWidgetExtension */,
			);
		};
/* End PBXProject section */

/* Begin PBXResourcesBuildPhase section */
		9143494D2DB04D8E00B1BA76 /* Resources */ = {
			isa = PBXResourcesBuildPhase;
			buildActionMask = 2147483647;
			files = (
			);
			runOnlyForDeploymentPostprocessing = 0;
		};
		9143495B2DB04D8F00B1BA76 /* Resources */ = {
			isa = PBXResourcesBuildPhase;
			buildActionMask = 2147483647;
			files = (
			);
			runOnlyForDeploymentPostprocessing = 0;
		};
		914349652DB04D8F00B1BA76 /* Resources */ = {
			isa = PBXResourcesBuildPhase;
			buildActionMask = 2147483647;
			files = (
			);
			runOnlyForDeploymentPostprocessing = 0;
		};
		9186363E2DC536DF003890E6 /* Resources */ = {
			isa = PBXResourcesBuildPhase;
			buildActionMask = 2147483647;
			files = (
			);
			runOnlyForDeploymentPostprocessing = 0;
		};
/* End PBXResourcesBuildPhase section */

/* Begin PBXSourcesBuildPhase section */
		9143494B2DB04D8E00B1BA76 /* Sources */ = {
			isa = PBXSourcesBuildPhase;
			buildActionMask = 2147483647;
			files = (
			);
			runOnlyForDeploymentPostprocessing = 0;
		};
		914349592DB04D8F00B1BA76 /* Sources */ = {
			isa = PBXSourcesBuildPhase;
			buildActionMask = 2147483647;
			files = (
			);
			runOnlyForDeploymentPostprocessing = 0;
		};
		914349632DB04D8F00B1BA76 /* Sources */ = {
			isa = PBXSourcesBuildPhase;
			buildActionMask = 2147483647;
			files = (
			);
			runOnlyForDeploymentPostprocessing = 0;
		};
		9186363C2DC536DF003890E6 /* Sources */ = {
			isa = PBXSourcesBuildPhase;
			buildActionMask = 2147483647;
			files = (
			);
			runOnlyForDeploymentPostprocessing = 0;
		};
/* End PBXSourcesBuildPhase section */

/* Begin PBXTargetDependency section */
		9143495F2DB04D8F00B1BA76 /* PBXTargetDependency */ = {
			isa = PBXTargetDependency;
			target = 9143494E2DB04D8E00B1BA76 /* ProteinBar */;
			targetProxy = 9143495E2DB04D8F00B1BA76 /* PBXContainerItemProxy */;
		};
		914349692DB04D8F00B1BA76 /* PBXTargetDependency */ = {
			isa = PBXTargetDependency;
			target = 9143494E2DB04D8E00B1BA76 /* ProteinBar */;
			targetProxy = 914349682DB04D8F00B1BA76 /* PBXContainerItemProxy */;
		};
		9186364F2DC536DF003890E6 /* PBXTargetDependency */ = {
			isa = PBXTargetDependency;
			target = 9186363F2DC536DF003890E6 /* StatWidgetExtension */;
			targetProxy = 9186364E2DC536DF003890E6 /* PBXContainerItemProxy */;
		};
/* End PBXTargetDependency section */

/* Begin XCBuildConfiguration section */
		9143496F2DB04D8F00B1BA76 /* Debug */ = {
			isa = XCBuildConfiguration;
			buildSettings = {
				ALWAYS_SEARCH_USER_PATHS = NO;
				ASSETCATALOG_COMPILER_GENERATE_SWIFT_ASSET_SYMBOL_EXTENSIONS = YES;
				CLANG_ANALYZER_NONNULL = YES;
				CLANG_ANALYZER_NUMBER_OBJECT_CONVERSION = YES_AGGRESSIVE;
				CLANG_CXX_LANGUAGE_STANDARD = "gnu++20";
				CLANG_ENABLE_MODULES = YES;
				CLANG_ENABLE_OBJC_ARC = YES;
				CLANG_ENABLE_OBJC_WEAK = YES;
				CLANG_WARN_BLOCK_CAPTURE_AUTORELEASING = YES;
				CLANG_WARN_BOOL_CONVERSION = YES;
				CLANG_WARN_COMMA = YES;
				CLANG_WARN_CONSTANT_CONVERSION = YES;
				CLANG_WARN_DEPRECATED_OBJC_IMPLEMENTATIONS = YES;
				CLANG_WARN_DIRECT_OBJC_ISA_USAGE = YES_ERROR;
				CLANG_WARN_DOCUMENTATION_COMMENTS = YES;
				CLANG_WARN_EMPTY_BODY = YES;
				CLANG_WARN_ENUM_CONVERSION = YES;
				CLANG_WARN_INFINITE_RECURSION = YES;
				CLANG_WARN_INT_CONVERSION = YES;
				CLANG_WARN_NON_LITERAL_NULL_CONVERSION = YES;
				CLANG_WARN_OBJC_IMPLICIT_RETAIN_SELF = YES;
				CLANG_WARN_OBJC_LITERAL_CONVERSION = YES;
				CLANG_WARN_OBJC_ROOT_CLASS = YES_ERROR;
				CLANG_WARN_QUOTED_INCLUDE_IN_FRAMEWORK_HEADER = YES;
				CLANG_WARN_RANGE_LOOP_ANALYSIS = YES;
				CLANG_WARN_STRICT_PROTOTYPES = YES;
				CLANG_WARN_SUSPICIOUS_MOVE = YES;
				CLANG_WARN_UNGUARDED_AVAILABILITY = YES_AGGRESSIVE;
				CLANG_WARN_UNREACHABLE_CODE = YES;
				CLANG_WARN__DUPLICATE_METHOD_MATCH = YES;
				COPY_PHASE_STRIP = NO;
				DEBUG_INFORMATION_FORMAT = dwarf;
				DEVELOPMENT_TEAM = 24H8222GR4;
				ENABLE_STRICT_OBJC_MSGSEND = YES;
				ENABLE_TESTABILITY = YES;
				ENABLE_USER_SCRIPT_SANDBOXING = YES;
				GCC_C_LANGUAGE_STANDARD = gnu17;
				GCC_DYNAMIC_NO_PIC = NO;
				GCC_NO_COMMON_BLOCKS = YES;
				GCC_OPTIMIZATION_LEVEL = 0;
				GCC_PREPROCESSOR_DEFINITIONS = (
					"DEBUG=1",
					"$(inherited)",
				);
				GCC_WARN_64_TO_32_BIT_CONVERSION = YES;
				GCC_WARN_ABOUT_RETURN_TYPE = YES_ERROR;
				GCC_WARN_UNDECLARED_SELECTOR = YES;
				GCC_WARN_UNINITIALIZED_AUTOS = YES_AGGRESSIVE;
				GCC_WARN_UNUSED_FUNCTION = YES;
				GCC_WARN_UNUSED_VARIABLE = YES;
				LOCALIZATION_PREFERS_STRING_CATALOGS = YES;
				MTL_ENABLE_DEBUG_INFO = INCLUDE_SOURCE;
				MTL_FAST_MATH = YES;
				ONLY_ACTIVE_ARCH = YES;
				SWIFT_ACTIVE_COMPILATION_CONDITIONS = "DEBUG $(inherited)";
				SWIFT_OPTIMIZATION_LEVEL = "-Onone";
				SWIFT_VERSION = 6.0;
			};
			name = Debug;
		};
		914349702DB04D8F00B1BA76 /* Release */ = {
			isa = XCBuildConfiguration;
			buildSettings = {
				ALWAYS_SEARCH_USER_PATHS = NO;
				ASSETCATALOG_COMPILER_GENERATE_SWIFT_ASSET_SYMBOL_EXTENSIONS = YES;
				CLANG_ANALYZER_NONNULL = YES;
				CLANG_ANALYZER_NUMBER_OBJECT_CONVERSION = YES_AGGRESSIVE;
				CLANG_CXX_LANGUAGE_STANDARD = "gnu++20";
				CLANG_ENABLE_MODULES = YES;
				CLANG_ENABLE_OBJC_ARC = YES;
				CLANG_ENABLE_OBJC_WEAK = YES;
				CLANG_WARN_BLOCK_CAPTURE_AUTORELEASING = YES;
				CLANG_WARN_BOOL_CONVERSION = YES;
				CLANG_WARN_COMMA = YES;
				CLANG_WARN_CONSTANT_CONVERSION = YES;
				CLANG_WARN_DEPRECATED_OBJC_IMPLEMENTATIONS = YES;
				CLANG_WARN_DIRECT_OBJC_ISA_USAGE = YES_ERROR;
				CLANG_WARN_DOCUMENTATION_COMMENTS = YES;
				CLANG_WARN_EMPTY_BODY = YES;
				CLANG_WARN_ENUM_CONVERSION = YES;
				CLANG_WARN_INFINITE_RECURSION = YES;
				CLANG_WARN_INT_CONVERSION = YES;
				CLANG_WARN_NON_LITERAL_NULL_CONVERSION = YES;
				CLANG_WARN_OBJC_IMPLICIT_RETAIN_SELF = YES;
				CLANG_WARN_OBJC_LITERAL_CONVERSION = YES;
				CLANG_WARN_OBJC_ROOT_CLASS = YES_ERROR;
				CLANG_WARN_QUOTED_INCLUDE_IN_FRAMEWORK_HEADER = YES;
				CLANG_WARN_RANGE_LOOP_ANALYSIS = YES;
				CLANG_WARN_STRICT_PROTOTYPES = YES;
				CLANG_WARN_SUSPICIOUS_MOVE = YES;
				CLANG_WARN_UNGUARDED_AVAILABILITY = YES_AGGRESSIVE;
				CLANG_WARN_UNREACHABLE_CODE = YES;
				CLANG_WARN__DUPLICATE_METHOD_MATCH = YES;
				COPY_PHASE_STRIP = NO;
				DEBUG_INFORMATION_FORMAT = "dwarf-with-dsym";
				DEVELOPMENT_TEAM = 24H8222GR4;
				ENABLE_NS_ASSERTIONS = NO;
				ENABLE_STRICT_OBJC_MSGSEND = YES;
				ENABLE_USER_SCRIPT_SANDBOXING = YES;
				GCC_C_LANGUAGE_STANDARD = gnu17;
				GCC_NO_COMMON_BLOCKS = YES;
				GCC_WARN_64_TO_32_BIT_CONVERSION = YES;
				GCC_WARN_ABOUT_RETURN_TYPE = YES_ERROR;
				GCC_WARN_UNDECLARED_SELECTOR = YES;
				GCC_WARN_UNINITIALIZED_AUTOS = YES_AGGRESSIVE;
				GCC_WARN_UNUSED_FUNCTION = YES;
				GCC_WARN_UNUSED_VARIABLE = YES;
				LOCALIZATION_PREFERS_STRING_CATALOGS = YES;
				MTL_ENABLE_DEBUG_INFO = NO;
				MTL_FAST_MATH = YES;
				SWIFT_COMPILATION_MODE = wholemodule;
				SWIFT_VERSION = 6.0;
			};
			name = Release;
		};
		914349722DB04D8F00B1BA76 /* Debug */ = {
			isa = XCBuildConfiguration;
			buildSettings = {
				ASSETCATALOG_COMPILER_APPICON_NAME = AppIcon;
				ASSETCATALOG_COMPILER_GLOBAL_ACCENT_COLOR_NAME = AccentColor;
				CODE_SIGN_ENTITLEMENTS = ProteinBar/ProteinBar.entitlements;
				CODE_SIGN_STYLE = Automatic;
				CURRENT_PROJECT_VERSION = 1;
				DEVELOPMENT_TEAM = 24H8222GR4;
				ENABLE_HARDENED_RUNTIME = YES;
				ENABLE_PREVIEWS = YES;
				GENERATE_INFOPLIST_FILE = YES;
				INFOPLIST_FILE = ProteinBar/Info.plist;
				INFOPLIST_KEY_CFBundleDisplayName = "Protein Bar";
				INFOPLIST_KEY_ITSAppUsesNonExemptEncryption = NO;
				INFOPLIST_KEY_LSApplicationCategoryType = "public.app-category.healthcare-fitness";
				"INFOPLIST_KEY_UIApplicationSceneManifest_Generation[sdk=iphoneos*]" = YES;
				"INFOPLIST_KEY_UIApplicationSceneManifest_Generation[sdk=iphonesimulator*]" = YES;
				"INFOPLIST_KEY_UIApplicationSupportsIndirectInputEvents[sdk=iphoneos*]" = YES;
				"INFOPLIST_KEY_UIApplicationSupportsIndirectInputEvents[sdk=iphonesimulator*]" = YES;
				"INFOPLIST_KEY_UILaunchScreen_Generation[sdk=iphoneos*]" = YES;
				"INFOPLIST_KEY_UILaunchScreen_Generation[sdk=iphonesimulator*]" = YES;
				INFOPLIST_KEY_UIStatusBarHidden = YES;
				INFOPLIST_KEY_UIStatusBarStyle = UIStatusBarStyleDarkContent;
				"INFOPLIST_KEY_UIStatusBarStyle[sdk=iphoneos*]" = UIStatusBarStyleDefault;
				"INFOPLIST_KEY_UIStatusBarStyle[sdk=iphonesimulator*]" = UIStatusBarStyleDefault;
				INFOPLIST_KEY_UISupportedInterfaceOrientations = UIInterfaceOrientationPortrait;
				INFOPLIST_KEY_UISupportedInterfaceOrientations_iPad = "UIInterfaceOrientationLandscapeLeft UIInterfaceOrientationLandscapeRight UIInterfaceOrientationPortrait UIInterfaceOrientationPortraitUpsideDown";
				IPHONEOS_DEPLOYMENT_TARGET = 18.0;
				LD_RUNPATH_SEARCH_PATHS = "@executable_path/Frameworks";
				"LD_RUNPATH_SEARCH_PATHS[sdk=macosx*]" = "@executable_path/../Frameworks";
				MACOSX_DEPLOYMENT_TARGET = 15.4;
				MARKETING_VERSION = 1.0.3;
				PRODUCT_BUNDLE_IDENTIFIER = com.wvabrinskas.ProteinBar;
				PRODUCT_NAME = "$(TARGET_NAME)";
				REGISTER_APP_GROUPS = YES;
				SDKROOT = auto;
				SUPPORTED_PLATFORMS = "iphoneos iphonesimulator";
				SUPPORTS_MACCATALYST = NO;
				SWIFT_EMIT_LOC_STRINGS = YES;
				SWIFT_VERSION = 6.0;
				TARGETED_DEVICE_FAMILY = 1;
				XROS_DEPLOYMENT_TARGET = 2.4;
			};
			name = Debug;
		};
		914349732DB04D8F00B1BA76 /* Release */ = {
			isa = XCBuildConfiguration;
			buildSettings = {
				ASSETCATALOG_COMPILER_APPICON_NAME = AppIcon;
				ASSETCATALOG_COMPILER_GLOBAL_ACCENT_COLOR_NAME = AccentColor;
				CODE_SIGN_ENTITLEMENTS = ProteinBar/ProteinBar.entitlements;
				CODE_SIGN_STYLE = Automatic;
				CURRENT_PROJECT_VERSION = 1;
				DEVELOPMENT_TEAM = 24H8222GR4;
				ENABLE_HARDENED_RUNTIME = YES;
				ENABLE_PREVIEWS = YES;
				GENERATE_INFOPLIST_FILE = YES;
				INFOPLIST_FILE = ProteinBar/Info.plist;
				INFOPLIST_KEY_CFBundleDisplayName = "Protein Bar";
				INFOPLIST_KEY_ITSAppUsesNonExemptEncryption = NO;
				INFOPLIST_KEY_LSApplicationCategoryType = "public.app-category.healthcare-fitness";
				"INFOPLIST_KEY_UIApplicationSceneManifest_Generation[sdk=iphoneos*]" = YES;
				"INFOPLIST_KEY_UIApplicationSceneManifest_Generation[sdk=iphonesimulator*]" = YES;
				"INFOPLIST_KEY_UIApplicationSupportsIndirectInputEvents[sdk=iphoneos*]" = YES;
				"INFOPLIST_KEY_UIApplicationSupportsIndirectInputEvents[sdk=iphonesimulator*]" = YES;
				"INFOPLIST_KEY_UILaunchScreen_Generation[sdk=iphoneos*]" = YES;
				"INFOPLIST_KEY_UILaunchScreen_Generation[sdk=iphonesimulator*]" = YES;
				INFOPLIST_KEY_UIStatusBarHidden = YES;
				INFOPLIST_KEY_UIStatusBarStyle = UIStatusBarStyleDarkContent;
				"INFOPLIST_KEY_UIStatusBarStyle[sdk=iphoneos*]" = UIStatusBarStyleDefault;
				"INFOPLIST_KEY_UIStatusBarStyle[sdk=iphonesimulator*]" = UIStatusBarStyleDefault;
				INFOPLIST_KEY_UISupportedInterfaceOrientations = UIInterfaceOrientationPortrait;
				INFOPLIST_KEY_UISupportedInterfaceOrientations_iPad = "UIInterfaceOrientationLandscapeLeft UIInterfaceOrientationLandscapeRight UIInterfaceOrientationPortrait UIInterfaceOrientationPortraitUpsideDown";
				IPHONEOS_DEPLOYMENT_TARGET = 18.0;
				LD_RUNPATH_SEARCH_PATHS = "@executable_path/Frameworks";
				"LD_RUNPATH_SEARCH_PATHS[sdk=macosx*]" = "@executable_path/../Frameworks";
				MACOSX_DEPLOYMENT_TARGET = 15.4;
				MARKETING_VERSION = 1.0.3;
				PRODUCT_BUNDLE_IDENTIFIER = com.wvabrinskas.ProteinBar;
				PRODUCT_NAME = "$(TARGET_NAME)";
				REGISTER_APP_GROUPS = YES;
				SDKROOT = auto;
				SUPPORTED_PLATFORMS = "iphoneos iphonesimulator";
				SUPPORTS_MACCATALYST = NO;
				SWIFT_EMIT_LOC_STRINGS = YES;
				SWIFT_VERSION = 6.0;
				TARGETED_DEVICE_FAMILY = 1;
				XROS_DEPLOYMENT_TARGET = 2.4;
			};
			name = Release;
		};
		914349752DB04D8F00B1BA76 /* Debug */ = {
			isa = XCBuildConfiguration;
			buildSettings = {
				BUNDLE_LOADER = "$(TEST_HOST)";
				CODE_SIGN_STYLE = Automatic;
				CURRENT_PROJECT_VERSION = 1;
				DEVELOPMENT_TEAM = 24H8222GR4;
				GENERATE_INFOPLIST_FILE = YES;
				IPHONEOS_DEPLOYMENT_TARGET = 18.4;
				MACOSX_DEPLOYMENT_TARGET = 15.4;
				MARKETING_VERSION = 1.0;
				PRODUCT_BUNDLE_IDENTIFIER = com.wvabrinskas.ProteinBarTests;
				PRODUCT_NAME = "$(TARGET_NAME)";
				SDKROOT = auto;
				SUPPORTED_PLATFORMS = "iphoneos iphonesimulator macosx xros xrsimulator";
				SWIFT_EMIT_LOC_STRINGS = NO;
				SWIFT_VERSION = 5.0;
				TARGETED_DEVICE_FAMILY = "1,2,7";
				TEST_HOST = "$(BUILT_PRODUCTS_DIR)/ProteinBar.app/$(BUNDLE_EXECUTABLE_FOLDER_PATH)/ProteinBar";
				XROS_DEPLOYMENT_TARGET = 2.4;
			};
			name = Debug;
		};
		914349762DB04D8F00B1BA76 /* Release */ = {
			isa = XCBuildConfiguration;
			buildSettings = {
				BUNDLE_LOADER = "$(TEST_HOST)";
				CODE_SIGN_STYLE = Automatic;
				CURRENT_PROJECT_VERSION = 1;
				DEVELOPMENT_TEAM = 24H8222GR4;
				GENERATE_INFOPLIST_FILE = YES;
				IPHONEOS_DEPLOYMENT_TARGET = 18.4;
				MACOSX_DEPLOYMENT_TARGET = 15.4;
				MARKETING_VERSION = 1.0;
				PRODUCT_BUNDLE_IDENTIFIER = com.wvabrinskas.ProteinBarTests;
				PRODUCT_NAME = "$(TARGET_NAME)";
				SDKROOT = auto;
				SUPPORTED_PLATFORMS = "iphoneos iphonesimulator macosx xros xrsimulator";
				SWIFT_EMIT_LOC_STRINGS = NO;
				SWIFT_VERSION = 5.0;
				TARGETED_DEVICE_FAMILY = "1,2,7";
				TEST_HOST = "$(BUILT_PRODUCTS_DIR)/ProteinBar.app/$(BUNDLE_EXECUTABLE_FOLDER_PATH)/ProteinBar";
				XROS_DEPLOYMENT_TARGET = 2.4;
			};
			name = Release;
		};
		914349782DB04D8F00B1BA76 /* Debug */ = {
			isa = XCBuildConfiguration;
			buildSettings = {
				CODE_SIGN_STYLE = Automatic;
				CURRENT_PROJECT_VERSION = 1;
				DEVELOPMENT_TEAM = 24H8222GR4;
				GENERATE_INFOPLIST_FILE = YES;
				IPHONEOS_DEPLOYMENT_TARGET = 18.4;
				MACOSX_DEPLOYMENT_TARGET = 15.4;
				MARKETING_VERSION = 1.0;
				PRODUCT_BUNDLE_IDENTIFIER = com.wvabrinskas.ProteinBarUITests;
				PRODUCT_NAME = "$(TARGET_NAME)";
				SDKROOT = auto;
				SUPPORTED_PLATFORMS = "iphoneos iphonesimulator macosx xros xrsimulator";
				SWIFT_EMIT_LOC_STRINGS = NO;
				SWIFT_VERSION = 5.0;
				TARGETED_DEVICE_FAMILY = "1,2,7";
				TEST_TARGET_NAME = ProteinBar;
				XROS_DEPLOYMENT_TARGET = 2.4;
			};
			name = Debug;
		};
		914349792DB04D8F00B1BA76 /* Release */ = {
			isa = XCBuildConfiguration;
			buildSettings = {
				CODE_SIGN_STYLE = Automatic;
				CURRENT_PROJECT_VERSION = 1;
				DEVELOPMENT_TEAM = 24H8222GR4;
				GENERATE_INFOPLIST_FILE = YES;
				IPHONEOS_DEPLOYMENT_TARGET = 18.4;
				MACOSX_DEPLOYMENT_TARGET = 15.4;
				MARKETING_VERSION = 1.0;
				PRODUCT_BUNDLE_IDENTIFIER = com.wvabrinskas.ProteinBarUITests;
				PRODUCT_NAME = "$(TARGET_NAME)";
				SDKROOT = auto;
				SUPPORTED_PLATFORMS = "iphoneos iphonesimulator macosx xros xrsimulator";
				SWIFT_EMIT_LOC_STRINGS = NO;
				SWIFT_VERSION = 5.0;
				TARGETED_DEVICE_FAMILY = "1,2,7";
				TEST_TARGET_NAME = ProteinBar;
				XROS_DEPLOYMENT_TARGET = 2.4;
			};
			name = Release;
		};
		918636522DC536DF003890E6 /* Debug */ = {
			isa = XCBuildConfiguration;
			buildSettings = {
				ASSETCATALOG_COMPILER_GLOBAL_ACCENT_COLOR_NAME = AccentColor;
				ASSETCATALOG_COMPILER_WIDGET_BACKGROUND_COLOR_NAME = WidgetBackground;
				CODE_SIGN_ENTITLEMENTS = StatWidgetExtension.entitlements;
				CODE_SIGN_STYLE = Automatic;
				CURRENT_PROJECT_VERSION = 1;
				DEVELOPMENT_TEAM = 24H8222GR4;
				GENERATE_INFOPLIST_FILE = YES;
				INFOPLIST_FILE = StatWidget/Info.plist;
				INFOPLIST_KEY_CFBundleDisplayName = StatWidget;
				INFOPLIST_KEY_NSHumanReadableCopyright = "";
				IPHONEOS_DEPLOYMENT_TARGET = 18.0;
				LD_RUNPATH_SEARCH_PATHS = (
					"$(inherited)",
					"@executable_path/Frameworks",
					"@executable_path/../../Frameworks",
				);
				MARKETING_VERSION = 1.0.3;
				PRODUCT_BUNDLE_IDENTIFIER = com.wvabrinskas.ProteinBar.StatWidget;
				PRODUCT_NAME = "$(TARGET_NAME)";
				SDKROOT = iphoneos;
				SKIP_INSTALL = YES;
				SWIFT_ACTIVE_COMPILATION_CONDITIONS = "DEBUG $(inherited) TARGET_IS_EXTENSION";
				SWIFT_EMIT_LOC_STRINGS = YES;
				SWIFT_VERSION = 5.0;
				TARGETED_DEVICE_FAMILY = "1,2";
			};
			name = Debug;
		};
		918636532DC536DF003890E6 /* Release */ = {
			isa = XCBuildConfiguration;
			buildSettings = {
				ASSETCATALOG_COMPILER_GLOBAL_ACCENT_COLOR_NAME = AccentColor;
				ASSETCATALOG_COMPILER_WIDGET_BACKGROUND_COLOR_NAME = WidgetBackground;
				CODE_SIGN_ENTITLEMENTS = StatWidgetExtension.entitlements;
				CODE_SIGN_STYLE = Automatic;
				CURRENT_PROJECT_VERSION = 1;
				DEVELOPMENT_TEAM = 24H8222GR4;
				GENERATE_INFOPLIST_FILE = YES;
				INFOPLIST_FILE = StatWidget/Info.plist;
				INFOPLIST_KEY_CFBundleDisplayName = StatWidget;
				INFOPLIST_KEY_NSHumanReadableCopyright = "";
				IPHONEOS_DEPLOYMENT_TARGET = 18.0;
				LD_RUNPATH_SEARCH_PATHS = (
					"$(inherited)",
					"@executable_path/Frameworks",
					"@executable_path/../../Frameworks",
				);
				MARKETING_VERSION = 1.0.3;
				PRODUCT_BUNDLE_IDENTIFIER = com.wvabrinskas.ProteinBar.StatWidget;
				PRODUCT_NAME = "$(TARGET_NAME)";
				SDKROOT = iphoneos;
				SKIP_INSTALL = YES;
				SWIFT_ACTIVE_COMPILATION_CONDITIONS = TARGET_IS_EXTENSION;
				SWIFT_EMIT_LOC_STRINGS = YES;
				SWIFT_VERSION = 5.0;
				TARGETED_DEVICE_FAMILY = "1,2";
				VALIDATE_PRODUCT = YES;
			};
			name = Release;
		};
/* End XCBuildConfiguration section */

/* Begin XCConfigurationList section */
		9143494A2DB04D8E00B1BA76 /* Build configuration list for PBXProject "ProteinBar" */ = {
			isa = XCConfigurationList;
			buildConfigurations = (
				9143496F2DB04D8F00B1BA76 /* Debug */,
				914349702DB04D8F00B1BA76 /* Release */,
			);
			defaultConfigurationIsVisible = 0;
			defaultConfigurationName = Release;
		};
		914349712DB04D8F00B1BA76 /* Build configuration list for PBXNativeTarget "ProteinBar" */ = {
			isa = XCConfigurationList;
			buildConfigurations = (
				914349722DB04D8F00B1BA76 /* Debug */,
				914349732DB04D8F00B1BA76 /* Release */,
			);
			defaultConfigurationIsVisible = 0;
			defaultConfigurationName = Release;
		};
		914349742DB04D8F00B1BA76 /* Build configuration list for PBXNativeTarget "ProteinBarTests" */ = {
			isa = XCConfigurationList;
			buildConfigurations = (
				914349752DB04D8F00B1BA76 /* Debug */,
				914349762DB04D8F00B1BA76 /* Release */,
			);
			defaultConfigurationIsVisible = 0;
			defaultConfigurationName = Release;
		};
		914349772DB04D8F00B1BA76 /* Build configuration list for PBXNativeTarget "ProteinBarUITests" */ = {
			isa = XCConfigurationList;
			buildConfigurations = (
				914349782DB04D8F00B1BA76 /* Debug */,
				914349792DB04D8F00B1BA76 /* Release */,
			);
			defaultConfigurationIsVisible = 0;
			defaultConfigurationName = Release;
		};
		918636542DC536DF003890E6 /* Build configuration list for PBXNativeTarget "StatWidgetExtension" */ = {
			isa = XCConfigurationList;
			buildConfigurations = (
				918636522DC536DF003890E6 /* Debug */,
				918636532DC536DF003890E6 /* Release */,
			);
			defaultConfigurationIsVisible = 0;
			defaultConfigurationName = Release;
		};
/* End XCConfigurationList section */

/* Begin XCRemoteSwiftPackageReference section */
		9186356A2DBEF639003890E6 /* XCRemoteSwiftPackageReference "ConfettiSwiftUI" */ = {
			isa = XCRemoteSwiftPackageReference;
			repositoryURL = "https://github.com/simibac/ConfettiSwiftUI.git";
			requirement = {
				branch = master;
				kind = branch;
			};
		};
		91A6D32A2DB1C9E300BFBF88 /* XCRemoteSwiftPackageReference "HuddleArch" */ = {
			isa = XCRemoteSwiftPackageReference;
			repositoryURL = "https://github.com/wvabrinskas/HuddleArch";
			requirement = {
				kind = upToNextMajorVersion;
				minimumVersion = 1.0.24;
			};
		};
		91A6D3DB2DB3553200BFBF88 /* XCRemoteSwiftPackageReference "NumSwift" */ = {
			isa = XCRemoteSwiftPackageReference;
			repositoryURL = "https://github.com/wvabrinskas/NumSwift";
			requirement = {
				kind = upToNextMajorVersion;
				minimumVersion = 2.0.13;
			};
		};
		91E5FD112DB07E1C00272372 /* XCRemoteSwiftPackageReference "Logger" */ = {
			isa = XCRemoteSwiftPackageReference;
			repositoryURL = "https://github.com/wvabrinskas/Logger.git";
			requirement = {
				kind = upToNextMajorVersion;
				minimumVersion = 1.0.7;
			};
		};
/* End XCRemoteSwiftPackageReference section */

/* Begin XCSwiftPackageProductDependency section */
		9186356B2DBEF639003890E6 /* ConfettiSwiftUI */ = {
			isa = XCSwiftPackageProductDependency;
			package = 9186356A2DBEF639003890E6 /* XCRemoteSwiftPackageReference "ConfettiSwiftUI" */;
			productName = ConfettiSwiftUI;
		};
		91A6D3262DB1C91900BFBF88 /* HuddleArch */ = {
			isa = XCSwiftPackageProductDependency;
			productName = HuddleArch;
		};
		91A6D3282DB1C91900BFBF88 /* HuddleMacros */ = {
			isa = XCSwiftPackageProductDependency;
			productName = HuddleMacros;
		};
		91A6D32B2DB1C9E300BFBF88 /* HuddleArch */ = {
			isa = XCSwiftPackageProductDependency;
			package = 91A6D32A2DB1C9E300BFBF88 /* XCRemoteSwiftPackageReference "HuddleArch" */;
			productName = HuddleArch;
		};
		91A6D32D2DB1C9E300BFBF88 /* HuddleMacros */ = {
			isa = XCSwiftPackageProductDependency;
			package = 91A6D32A2DB1C9E300BFBF88 /* XCRemoteSwiftPackageReference "HuddleArch" */;
			productName = HuddleMacros;
		};
		91A6D3DC2DB3553200BFBF88 /* NumSwift */ = {
			isa = XCSwiftPackageProductDependency;
			package = 91A6D3DB2DB3553200BFBF88 /* XCRemoteSwiftPackageReference "NumSwift" */;
			productName = NumSwift;
		};
		91E5FD122DB07E1C00272372 /* Logger */ = {
			isa = XCSwiftPackageProductDependency;
			package = 91E5FD112DB07E1C00272372 /* XCRemoteSwiftPackageReference "Logger" */;
			productName = Logger;
		};
/* End XCSwiftPackageProductDependency section */
	};
	rootObject = 914349472DB04D8E00B1BA76 /* Project object */;
}
