{
  "originHash" : "effc4287506361809a464c4b2489cdb842b0358456928560bdd2ae54656920b8",
  "pins" : [
    {
      "identity" : "confettiswiftui",
      "kind" : "remoteSourceControl",
      "location" : "https://github.com/simibac/ConfettiSwiftUI.git",
      "state" : {
        "branch" : "master",
        "revision" : "79666d42b882bf7921b1941fa7c636d681d77980"
      }
    },
    {
      "identity" : "huddlearch",
      "kind" : "remoteSourceControl",
      "location" : "https://github.com/wvabrinskas/HuddleArch",
      "state" : {
        "revision" : "9bde6974c14a609d45870c33de905cfa54121eef",
        "version" : "1.0.23"
      }
    },
    {
      "identity" : "logger",
      "kind" : "remoteSourceControl",
      "location" : "https://github.com/wvabrinskas/Logger.git",
      "state" : {
        "revision" : "72e4516de6c671d00588031098438a933ee0d370",
        "version" : "1.0.7"
      }
    },
    {
      "identity" : "numswift",
      "kind" : "remoteSourceControl",
      "location" : "https://github.com/wvabrinskas/NumSwift",
      "state" : {
        "revision" : "34ebaf5f1e2061063ac7b18edc83135ada57ae0f",
        "version" : "2.0.13"
      }
    },
    {
      "identity" : "swift-syntax",
      "kind" : "remoteSourceControl",
      "location" : "https://github.com/swiftlang/swift-syntax.git",
      "state" : {
        "revision" : "0687f71944021d616d34d922343dcef086855920",
        "version" : "600.0.1"
      }
    }
  ],
  "version" : 3
}
