{
  "originHash" : "58e6f9616b32d4032524218bf06d50d8e9addea1d8667d5a8b0b2b0089fbe656",
  "pins" : [
    {
      "identity" : "huddlearch",
      "kind" : "remoteSourceControl",
      "location" : "https://github.com/wvabrinskas/HuddleArch",
      "state" : {
        "revision" : "9bde6974c14a609d45870c33de905cfa54121eef",
        "version" : "1.0.23"
      }
    },
    {
      "identity" : "logger",
      "kind" : "remoteSourceControl",
      "location" : "https://github.com/wvabrinskas/Logger.git",
      "state" : {
        "revision" : "72e4516de6c671d00588031098438a933ee0d370",
        "version" : "1.0.7"
      }
    },
    {
      "identity" : "swift-syntax",
      "kind" : "remoteSourceControl",
      "location" : "https://github.com/swiftlang/swift-syntax.git",
      "state" : {
        "revision" : "0687f71944021d616d34d922343dcef086855920",
        "version" : "600.0.1"
      }
    }
  ],
  "version" : 3
}
